
Microsoft Visual Studio Solution File, Format Version 12.00
# Visual Studio Version 17
VisualStudioVersion = 17.9.34728.123
MinimumVisualStudioVersion = 10.0.40219.1
Project("{FAE04EC0-301F-11D3-BF4B-00C04F79EFBC}") = "Pokeapi", "Pokeapi\Pokeapi.csproj", "{4CF85AD9-3D91-4759-B76C-3634D377264A}"
EndProject
Project("{FAE04EC0-301F-11D3-BF4B-00C04F79EFBC}") = "Pokeapi.Tests", "Pokeapi.Tests\Pokeapi.Tests.csproj", "{5EC95438-C938-4559-B18F-3542D711399B}"
EndProject
Global
	GlobalSection(SolutionConfigurationPlatforms) = preSolution
		Debug|Any CPU = Debug|Any CPU
		Release|Any CPU = Release|Any CPU
	EndGlobalSection
	GlobalSection(ProjectConfigurationPlatforms) = postSolution
		{4CF85AD9-3D91-4759-B76C-3634D377264A}.Debug|Any CPU.ActiveCfg = Debug|Any CPU
		{4CF85AD9-3D91-4759-B76C-3634D377264A}.Debug|Any CPU.Build.0 = Debug|Any CPU
		{4CF85AD9-3D91-4759-B76C-3634D377264A}.Release|Any CPU.ActiveCfg = Release|Any CPU
		{4CF85AD9-3D91-4759-B76C-3634D377264A}.Release|Any CPU.Build.0 = Release|Any CPU
		{5EC95438-C938-4559-B18F-3542D711399B}.Debug|Any CPU.ActiveCfg = Debug|Any CPU
		{5EC95438-C938-4559-B18F-3542D711399B}.Debug|Any CPU.Build.0 = Debug|Any CPU
		{5EC95438-C938-4559-B18F-3542D711399B}.Release|Any CPU.ActiveCfg = Release|Any CPU
		{5EC95438-C938-4559-B18F-3542D711399B}.Release|Any CPU.Build.0 = Release|Any CPU
	EndGlobalSection
	GlobalSection(SolutionProperties) = preSolution
		HideSolutionNode = FALSE
	EndGlobalSection
	GlobalSection(ExtensibilityGlobals) = postSolution
		SolutionGuid = {CD908F76-A242-4D96-BF76-26CFD6E3F99B}
	EndGlobalSection
EndGlobal
